
Microsoft Visual Studio Solution File, Format Version 12.00
# Visual Studio Version 17
VisualStudioVersion = 17.13.35825.156 d17.13
MinimumVisualStudioVersion = 10.0.40219.1
Project("{FAE04EC0-301F-11D3-BF4B-00C04F79EFBC}") = "ViaEventAssociation.Core.Tool.OperationResult", "ViaEventAssociation.Core.Tool.OperationResult\ViaEventAssociation.Core.Tool.OperationResult.csproj", "{954B2B12-94A0-489E-9EF0-B7CACB855E26}"
EndProject
Global
	GlobalSection(SolutionConfigurationPlatforms) = preSolution
		Debug|Any CPU = Debug|Any CPU
		Release|Any CPU = Release|Any CPU
	EndGlobalSection
	GlobalSection(ProjectConfigurationPlatforms) = postSolution
		{954B2B12-94A0-489E-9EF0-B7CACB855E26}.Debug|Any CPU.ActiveCfg = Debug|Any CPU
		{954B2B12-94A0-489E-9EF0-B7CACB855E26}.Debug|Any CPU.Build.0 = Debug|Any CPU
		{954B2B12-94A0-489E-9EF0-B7CACB855E26}.Release|Any CPU.ActiveCfg = Release|Any CPU
		{954B2B12-94A0-489E-9EF0-B7CACB855E26}.Release|Any CPU.Build.0 = Release|Any CPU
	EndGlobalSection
	GlobalSection(SolutionProperties) = preSolution
		HideSolutionNode = FALSE
	EndGlobalSection
	GlobalSection(ExtensibilityGlobals) = postSolution
		SolutionGuid = {ED39D2BE-1D22-4C42-BC58-EECE491887BB}
	EndGlobalSection
EndGlobal
